// !$*UTF8*$!
{
	archiveVersion = 1;
	classes = {
	};
	objectVersion = 51;
	objects = {

/* Begin PBXBuildFile section */
		800E303423D0D4EA00E93764 /* DataProvider.swift in Sources */ = {isa = PBXBuildFile; fileRef = 800E303323D0D4E900E93764 /* DataProvider.swift */; };
		8031631323CF90FA002E63C6 /* WebSiteDescription.swift in Sources */ = {isa = PBXBuildFile; fileRef = 8031631223CF90FA002E63C6 /* WebSiteDescription.swift */; };
		8031631523CF99FE002E63C6 /* TableViewCell.swift in Sources */ = {isa = PBXBuildFile; fileRef = 8031631423CF99FE002E63C6 /* TableViewCell.swift */; };
		8087D81C23CFAE71005F705A /* WebViewController.swift in Sources */ = {isa = PBXBuildFile; fileRef = 8087D81B23CFAE71005F705A /* WebViewController.swift */; };
		8087D81E23D082FF005F705A /* MainViewController.swift in Sources */ = {isa = PBXBuildFile; fileRef = 8087D81D23D082FF005F705A /* MainViewController.swift */; };
		8087D82023D08371005F705A /* CollectionViewCell.swift in Sources */ = {isa = PBXBuildFile; fileRef = 8087D81F23D08371005F705A /* CollectionViewCell.swift */; };
		8087D82323D09DAE005F705A /* NetworkManager.swift in Sources */ = {isa = PBXBuildFile; fileRef = 8087D82223D09DAE005F705A /* NetworkManager.swift */; };
		8087D82523D0ACE4005F705A /* ImageProperties.swift in Sources */ = {isa = PBXBuildFile; fileRef = 8087D82423D0ACE4005F705A /* ImageProperties.swift */; };
		80C7418723CF83A1003DE7E0 /* Course.swift in Sources */ = {isa = PBXBuildFile; fileRef = 80C7418623CF83A1003DE7E0 /* Course.swift */; };
		80C7418923CF860A003DE7E0 /* CourseViewController.swift in Sources */ = {isa = PBXBuildFile; fileRef = 80C7418823CF860A003DE7E0 /* CourseViewController.swift */; };
		80E2B28223D4A2E20005D119 /* AlamofireNetworkRequest.swift in Sources */ = {isa = PBXBuildFile; fileRef = 80E2B28123D4A2E20005D119 /* AlamofireNetworkRequest.swift */; };
		A806CF94210B4EA300574064 /* ImageViewController.swift in Sources */ = {isa = PBXBuildFile; fileRef = A806CF93210B4EA300574064 /* ImageViewController.swift */; };
		A83C30212108401A00592AE4 /* AppDelegate.swift in Sources */ = {isa = PBXBuildFile; fileRef = A83C30202108401A00592AE4 /* AppDelegate.swift */; };
		A83C30262108401A00592AE4 /* Main.storyboard in Resources */ = {isa = PBXBuildFile; fileRef = A83C30242108401A00592AE4 /* Main.storyboard */; };
		A83C30282108401B00592AE4 /* Assets.xcassets in Resources */ = {isa = PBXBuildFile; fileRef = A83C30272108401B00592AE4 /* Assets.xcassets */; };
		A83C302B2108401B00592AE4 /* LaunchScreen.storyboard in Resources */ = {isa = PBXBuildFile; fileRef = A83C30292108401B00592AE4 /* LaunchScreen.storyboard */; };
		BC9C6EFA1F3FE307707235AA /* Pods_Networking.framework in Frameworks */ = {isa = PBXBuildFile; fileRef = DF3C694FF2C609524384F008 /* Pods_Networking.framework */; };
/* End PBXBuildFile section */

/* Begin PBXFileReference section */
		4256D4BF58888586DB05482C /* Pods-Networking.debug.xcconfig */ = {isa = PBXFileReference; includeInIndex = 1; lastKnownFileType = text.xcconfig; name = "Pods-Networking.debug.xcconfig"; path = "Target Support Files/Pods-Networking/Pods-Networking.debug.xcconfig"; sourceTree = "<group>"; };
		7A1BC1FF010CC15DA0836AA0 /* Pods-Networking.release.xcconfig */ = {isa = PBXFileReference; includeInIndex = 1; lastKnownFileType = text.xcconfig; name = "Pods-Networking.release.xcconfig"; path = "Target Support Files/Pods-Networking/Pods-Networking.release.xcconfig"; sourceTree = "<group>"; };
		800E303323D0D4E900E93764 /* DataProvider.swift */ = {isa = PBXFileReference; lastKnownFileType = sourcecode.swift; path = DataProvider.swift; sourceTree = "<group>"; };
		8031631223CF90FA002E63C6 /* WebSiteDescription.swift */ = {isa = PBXFileReference; lastKnownFileType = sourcecode.swift; path = WebSiteDescription.swift; sourceTree = "<group>"; };
		8031631423CF99FE002E63C6 /* TableViewCell.swift */ = {isa = PBXFileReference; lastKnownFileType = sourcecode.swift; path = TableViewCell.swift; sourceTree = "<group>"; };
		8087D81B23CFAE71005F705A /* WebViewController.swift */ = {isa = PBXFileReference; lastKnownFileType = sourcecode.swift; path = WebViewController.swift; sourceTree = "<group>"; };
		8087D81D23D082FF005F705A /* MainViewController.swift */ = {isa = PBXFileReference; lastKnownFileType = sourcecode.swift; path = MainViewController.swift; sourceTree = "<group>"; };
		8087D81F23D08371005F705A /* CollectionViewCell.swift */ = {isa = PBXFileReference; lastKnownFileType = sourcecode.swift; path = CollectionViewCell.swift; sourceTree = "<group>"; };
		8087D82223D09DAE005F705A /* NetworkManager.swift */ = {isa = PBXFileReference; lastKnownFileType = sourcecode.swift; path = NetworkManager.swift; sourceTree = "<group>"; };
		8087D82423D0ACE4005F705A /* ImageProperties.swift */ = {isa = PBXFileReference; lastKnownFileType = sourcecode.swift; path = ImageProperties.swift; sourceTree = "<group>"; };
		80C7418623CF83A1003DE7E0 /* Course.swift */ = {isa = PBXFileReference; lastKnownFileType = sourcecode.swift; path = Course.swift; sourceTree = "<group>"; };
		80C7418823CF860A003DE7E0 /* CourseViewController.swift */ = {isa = PBXFileReference; lastKnownFileType = sourcecode.swift; path = CourseViewController.swift; sourceTree = "<group>"; };
		80E2B28123D4A2E20005D119 /* AlamofireNetworkRequest.swift */ = {isa = PBXFileReference; lastKnownFileType = sourcecode.swift; path = AlamofireNetworkRequest.swift; sourceTree = "<group>"; };
		A806CF93210B4EA300574064 /* ImageViewController.swift */ = {isa = PBXFileReference; lastKnownFileType = sourcecode.swift; path = ImageViewController.swift; sourceTree = "<group>"; };
		A83C301D2108401A00592AE4 /* Networking.app */ = {isa = PBXFileReference; explicitFileType = wrapper.application; includeInIndex = 0; path = Networking.app; sourceTree = BUILT_PRODUCTS_DIR; };
		A83C30202108401A00592AE4 /* AppDelegate.swift */ = {isa = PBXFileReference; lastKnownFileType = sourcecode.swift; path = AppDelegate.swift; sourceTree = "<group>"; };
		A83C30252108401A00592AE4 /* Base */ = {isa = PBXFileReference; lastKnownFileType = file.storyboard; name = Base; path = Base.lproj/Main.storyboard; sourceTree = "<group>"; };
		A83C30272108401B00592AE4 /* Assets.xcassets */ = {isa = PBXFileReference; lastKnownFileType = folder.assetcatalog; path = Assets.xcassets; sourceTree = "<group>"; };
		A83C302A2108401B00592AE4 /* Base */ = {isa = PBXFileReference; lastKnownFileType = file.storyboard; name = Base; path = Base.lproj/LaunchScreen.storyboard; sourceTree = "<group>"; };
		A83C302C2108401B00592AE4 /* Info.plist */ = {isa = PBXFileReference; lastKnownFileType = text.plist.xml; path = Info.plist; sourceTree = "<group>"; };
		DF3C694FF2C609524384F008 /* Pods_Networking.framework */ = {isa = PBXFileReference; explicitFileType = wrapper.framework; includeInIndex = 0; path = Pods_Networking.framework; sourceTree = BUILT_PRODUCTS_DIR; };
/* End PBXFileReference section */

/* Begin PBXFrameworksBuildPhase section */
		A83C301A2108401A00592AE4 /* Frameworks */ = {
			isa = PBXFrameworksBuildPhase;
			buildActionMask = 2147483647;
			files = (
				BC9C6EFA1F3FE307707235AA /* Pods_Networking.framework in Frameworks */,
			);
			runOnlyForDeploymentPostprocessing = 0;
		};
/* End PBXFrameworksBuildPhase section */

/* Begin PBXGroup section */
		13FF504DE1E6E13531073BC6 /* Frameworks */ = {
			isa = PBXGroup;
			children = (
				DF3C694FF2C609524384F008 /* Pods_Networking.framework */,
			);
			name = Frameworks;
			sourceTree = "<group>";
		};
		8087D82123D09895005F705A /* Model */ = {
			isa = PBXGroup;
			children = (
				8087D82423D0ACE4005F705A /* ImageProperties.swift */,
				80C7418623CF83A1003DE7E0 /* Course.swift */,
				8031631223CF90FA002E63C6 /* WebSiteDescription.swift */,
			);
			path = Model;
			sourceTree = "<group>";
		};
		8A4556131A4922D32F6E72C5 /* Pods */ = {
			isa = PBXGroup;
			children = (
				4256D4BF58888586DB05482C /* Pods-Networking.debug.xcconfig */,
				7A1BC1FF010CC15DA0836AA0 /* Pods-Networking.release.xcconfig */,
			);
			path = Pods;
			sourceTree = "<group>";
		};
		A83C30142108401A00592AE4 = {
			isa = PBXGroup;
			children = (
				A83C301F2108401A00592AE4 /* Networking */,
				A83C301E2108401A00592AE4 /* Products */,
				8A4556131A4922D32F6E72C5 /* Pods */,
				13FF504DE1E6E13531073BC6 /* Frameworks */,
			);
			sourceTree = "<group>";
		};
		A83C301E2108401A00592AE4 /* Products */ = {
			isa = PBXGroup;
			children = (
				A83C301D2108401A00592AE4 /* Networking.app */,
			);
			name = Products;
			sourceTree = "<group>";
		};
		A83C301F2108401A00592AE4 /* Networking */ = {
			isa = PBXGroup;
			children = (
				8087D82123D09895005F705A /* Model */,
				8087D82223D09DAE005F705A /* NetworkManager.swift */,
				80E2B28123D4A2E20005D119 /* AlamofireNetworkRequest.swift */,
				800E303323D0D4E900E93764 /* DataProvider.swift */,
				8087D81D23D082FF005F705A /* MainViewController.swift */,
				8087D81F23D08371005F705A /* CollectionViewCell.swift */,
				80C7418823CF860A003DE7E0 /* CourseViewController.swift */,
				8031631423CF99FE002E63C6 /* TableViewCell.swift */,
				8087D81B23CFAE71005F705A /* WebViewController.swift */,
				A83C30202108401A00592AE4 /* AppDelegate.swift */,
				A806CF93210B4EA300574064 /* ImageViewController.swift */,
				A83C30242108401A00592AE4 /* Main.storyboard */,
				A83C30272108401B00592AE4 /* Assets.xcassets */,
				A83C30292108401B00592AE4 /* LaunchScreen.storyboard */,
				A83C302C2108401B00592AE4 /* Info.plist */,
			);
			path = Networking;
			sourceTree = "<group>";
		};
/* End PBXGroup section */

/* Begin PBXNativeTarget section */
		A83C301C2108401A00592AE4 /* Networking */ = {
			isa = PBXNativeTarget;
			buildConfigurationList = A83C302F2108401B00592AE4 /* Build configuration list for PBXNativeTarget "Networking" */;
			buildPhases = (
				59057EA36D0CF84459076106 /* [CP] Check Pods Manifest.lock */,
				A83C30192108401A00592AE4 /* Sources */,
				A83C301A2108401A00592AE4 /* Frameworks */,
				A83C301B2108401A00592AE4 /* Resources */,
				6D74D2A00AEEE155B6313234 /* [CP] Embed Pods Frameworks */,
			);
			buildRules = (
			);
			dependencies = (
			);
			name = Networking;
			productName = Networking;
			productReference = A83C301D2108401A00592AE4 /* Networking.app */;
			productType = "com.apple.product-type.application";
		};
/* End PBXNativeTarget section */

/* Begin PBXProject section */
		A83C30152108401A00592AE4 /* Project object */ = {
			isa = PBXProject;
			attributes = {
				LastSwiftUpdateCheck = 1000;
				LastUpgradeCheck = 1000;
				ORGANIZATIONNAME = "Alexey Efimov";
				TargetAttributes = {
					A83C301C2108401A00592AE4 = {
						CreatedOnToolsVersion = 10.0;
						LastSwiftMigration = 1020;
					};
				};
			};
			buildConfigurationList = A83C30182108401A00592AE4 /* Build configuration list for PBXProject "Networking" */;
			compatibilityVersion = "Xcode 9.3";
			developmentRegion = en;
			hasScannedForEncodings = 0;
			knownRegions = (
				en,
				Base,
			);
			mainGroup = A83C30142108401A00592AE4;
			productRefGroup = A83C301E2108401A00592AE4 /* Products */;
			projectDirPath = "";
			projectRoot = "";
			targets = (
				A83C301C2108401A00592AE4 /* Networking */,
			);
		};
/* End PBXProject section */

/* Begin PBXResourcesBuildPhase section */
		A83C301B2108401A00592AE4 /* Resources */ = {
			isa = PBXResourcesBuildPhase;
			buildActionMask = 2147483647;
			files = (
				A83C302B2108401B00592AE4 /* LaunchScreen.storyboard in Resources */,
				A83C30282108401B00592AE4 /* Assets.xcassets in Resources */,
				A83C30262108401A00592AE4 /* Main.storyboard in Resources */,
			);
			runOnlyForDeploymentPostprocessing = 0;
		};
/* End PBXResourcesBuildPhase section */

/* Begin PBXShellScriptBuildPhase section */
		59057EA36D0CF84459076106 /* [CP] Check Pods Manifest.lock */ = {
			isa = PBXShellScriptBuildPhase;
			buildActionMask = 2147483647;
			files = (
			);
			inputFileListPaths = (
			);
			inputPaths = (
				"${PODS_PODFILE_DIR_PATH}/Podfile.lock",
				"${PODS_ROOT}/Manifest.lock",
			);
			name = "[CP] Check Pods Manifest.lock";
			outputFileListPaths = (
			);
			outputPaths = (
				"$(DERIVED_FILE_DIR)/Pods-Networking-checkManifestLockResult.txt",
			);
			runOnlyForDeploymentPostprocessing = 0;
			shellPath = /bin/sh;
			shellScript = "diff \"${PODS_PODFILE_DIR_PATH}/Podfile.lock\" \"${PODS_ROOT}/Manifest.lock\" > /dev/null\nif [ $? != 0 ] ; then\n    # print error to STDERR\n    echo \"error: The sandbox is not in sync with the Podfile.lock. Run 'pod install' or update your CocoaPods installation.\" >&2\n    exit 1\nfi\n# This output is used by Xcode 'outputs' to avoid re-running this script phase.\necho \"SUCCESS\" > \"${SCRIPT_OUTPUT_FILE_0}\"\n";
			showEnvVarsInLog = 0;
		};
		6D74D2A00AEEE155B6313234 /* [CP] Embed Pods Frameworks */ = {
			isa = PBXShellScriptBuildPhase;
			buildActionMask = 2147483647;
			files = (
			);
			inputFileListPaths = (
				"${PODS_ROOT}/Target Support Files/Pods-Networking/Pods-Networking-frameworks-${CONFIGURATION}-input-files.xcfilelist",
			);
			name = "[CP] Embed Pods Frameworks";
			outputFileListPaths = (
				"${PODS_ROOT}/Target Support Files/Pods-Networking/Pods-Networking-frameworks-${CONFIGURATION}-output-files.xcfilelist",
			);
			runOnlyForDeploymentPostprocessing = 0;
			shellPath = /bin/sh;
			shellScript = "\"${PODS_ROOT}/Target Support Files/Pods-Networking/Pods-Networking-frameworks.sh\"\n";
			showEnvVarsInLog = 0;
		};
/* End PBXShellScriptBuildPhase section */

/* Begin PBXSourcesBuildPhase section */
		A83C30192108401A00592AE4 /* Sources */ = {
			isa = PBXSourcesBuildPhase;
			buildActionMask = 2147483647;
			files = (
				8087D82523D0ACE4005F705A /* ImageProperties.swift in Sources */,
				8087D82023D08371005F705A /* CollectionViewCell.swift in Sources */,
				80E2B28223D4A2E20005D119 /* AlamofireNetworkRequest.swift in Sources */,
				80C7418723CF83A1003DE7E0 /* Course.swift in Sources */,
				8031631323CF90FA002E63C6 /* WebSiteDescription.swift in Sources */,
				8087D82323D09DAE005F705A /* NetworkManager.swift in Sources */,
				A806CF94210B4EA300574064 /* ImageViewController.swift in Sources */,
				800E303423D0D4EA00E93764 /* DataProvider.swift in Sources */,
				80C7418923CF860A003DE7E0 /* CourseViewController.swift in Sources */,
				8031631523CF99FE002E63C6 /* TableViewCell.swift in Sources */,
				8087D81E23D082FF005F705A /* MainViewController.swift in Sources */,
				A83C30212108401A00592AE4 /* AppDelegate.swift in Sources */,
				8087D81C23CFAE71005F705A /* WebViewController.swift in Sources */,
			);
			runOnlyForDeploymentPostprocessing = 0;
		};
/* End PBXSourcesBuildPhase section */

/* Begin PBXVariantGroup section */
		A83C30242108401A00592AE4 /* Main.storyboard */ = {
			isa = PBXVariantGroup;
			children = (
				A83C30252108401A00592AE4 /* Base */,
			);
			name = Main.storyboard;
			sourceTree = "<group>";
		};
		A83C30292108401B00592AE4 /* LaunchScreen.storyboard */ = {
			isa = PBXVariantGroup;
			children = (
				A83C302A2108401B00592AE4 /* Base */,
			);
			name = LaunchScreen.storyboard;
			sourceTree = "<group>";
		};
/* End PBXVariantGroup section */

/* Begin XCBuildConfiguration section */
		A83C302D2108401B00592AE4 /* Debug */ = {
			isa = XCBuildConfiguration;
			buildSettings = {
				ALWAYS_SEARCH_USER_PATHS = NO;
				CLANG_ANALYZER_NONNULL = YES;
				CLANG_ANALYZER_NUMBER_OBJECT_CONVERSION = YES_AGGRESSIVE;
				CLANG_CXX_LANGUAGE_STANDARD = "gnu++14";
				CLANG_CXX_LIBRARY = "libc++";
				CLANG_ENABLE_MODULES = YES;
				CLANG_ENABLE_OBJC_ARC = YES;
				CLANG_ENABLE_OBJC_WEAK = YES;
				CLANG_WARN_BLOCK_CAPTURE_AUTORELEASING = YES;
				CLANG_WARN_BOOL_CONVERSION = YES;
				CLANG_WARN_COMMA = YES;
				CLANG_WARN_CONSTANT_CONVERSION = YES;
				CLANG_WARN_DEPRECATED_OBJC_IMPLEMENTATIONS = YES;
				CLANG_WARN_DIRECT_OBJC_ISA_USAGE = YES_ERROR;
				CLANG_WARN_DOCUMENTATION_COMMENTS = YES;
				CLANG_WARN_EMPTY_BODY = YES;
				CLANG_WARN_ENUM_CONVERSION = YES;
				CLANG_WARN_INFINITE_RECURSION = YES;
				CLANG_WARN_INT_CONVERSION = YES;
				CLANG_WARN_NON_LITERAL_NULL_CONVERSION = YES;
				CLANG_WARN_OBJC_IMPLICIT_RETAIN_SELF = YES;
				CLANG_WARN_OBJC_LITERAL_CONVERSION = YES;
				CLANG_WARN_OBJC_ROOT_CLASS = YES_ERROR;
				CLANG_WARN_RANGE_LOOP_ANALYSIS = YES;
				CLANG_WARN_STRICT_PROTOTYPES = YES;
				CLANG_WARN_SUSPICIOUS_MOVE = YES;
				CLANG_WARN_UNGUARDED_AVAILABILITY = YES_AGGRESSIVE;
				CLANG_WARN_UNREACHABLE_CODE = YES;
				CLANG_WARN__DUPLICATE_METHOD_MATCH = YES;
				CODE_SIGN_IDENTITY = "iPhone Developer";
				COPY_PHASE_STRIP = NO;
				DEBUG_INFORMATION_FORMAT = dwarf;
				ENABLE_STRICT_OBJC_MSGSEND = YES;
				ENABLE_TESTABILITY = YES;
				GCC_C_LANGUAGE_STANDARD = gnu11;
				GCC_DYNAMIC_NO_PIC = NO;
				GCC_NO_COMMON_BLOCKS = YES;
				GCC_OPTIMIZATION_LEVEL = 0;
				GCC_PREPROCESSOR_DEFINITIONS = (
					"DEBUG=1",
					"$(inherited)",
				);
				GCC_WARN_64_TO_32_BIT_CONVERSION = YES;
				GCC_WARN_ABOUT_RETURN_TYPE = YES_ERROR;
				GCC_WARN_UNDECLARED_SELECTOR = YES;
				GCC_WARN_UNINITIALIZED_AUTOS = YES_AGGRESSIVE;
				GCC_WARN_UNUSED_FUNCTION = YES;
				GCC_WARN_UNUSED_VARIABLE = YES;
				IPHONEOS_DEPLOYMENT_TARGET = 12.0;
				MTL_ENABLE_DEBUG_INFO = INCLUDE_SOURCE;
				ONLY_ACTIVE_ARCH = YES;
				SDKROOT = iphoneos;
				SWIFT_ACTIVE_COMPILATION_CONDITIONS = DEBUG;
				SWIFT_OPTIMIZATION_LEVEL = "-Onone";
			};
			name = Debug;
		};
		A83C302E2108401B00592AE4 /* Release */ = {
			isa = XCBuildConfiguration;
			buildSettings = {
				ALWAYS_SEARCH_USER_PATHS = NO;
				CLANG_ANALYZER_NONNULL = YES;
				CLANG_ANALYZER_NUMBER_OBJECT_CONVERSION = YES_AGGRESSIVE;
				CLANG_CXX_LANGUAGE_STANDARD = "gnu++14";
				CLANG_CXX_LIBRARY = "libc++";
				CLANG_ENABLE_MODULES = YES;
				CLANG_ENABLE_OBJC_ARC = YES;
				CLANG_ENABLE_OBJC_WEAK = YES;
				CLANG_WARN_BLOCK_CAPTURE_AUTORELEASING = YES;
				CLANG_WARN_BOOL_CONVERSION = YES;
				CLANG_WARN_COMMA = YES;
				CLANG_WARN_CONSTANT_CONVERSION = YES;
				CLANG_WARN_DEPRECATED_OBJC_IMPLEMENTATIONS = YES;
				CLANG_WARN_DIRECT_OBJC_ISA_USAGE = YES_ERROR;
				CLANG_WARN_DOCUMENTATION_COMMENTS = YES;
				CLANG_WARN_EMPTY_BODY = YES;
				CLANG_WARN_ENUM_CONVERSION = YES;
				CLANG_WARN_INFINITE_RECURSION = YES;
				CLANG_WARN_INT_CONVERSION = YES;
				CLANG_WARN_NON_LITERAL_NULL_CONVERSION = YES;
				CLANG_WARN_OBJC_IMPLICIT_RETAIN_SELF = YES;
				CLANG_WARN_OBJC_LITERAL_CONVERSION = YES;
				CLANG_WARN_OBJC_ROOT_CLASS = YES_ERROR;
				CLANG_WARN_RANGE_LOOP_ANALYSIS = YES;
				CLANG_WARN_STRICT_PROTOTYPES = YES;
				CLANG_WARN_SUSPICIOUS_MOVE = YES;
				CLANG_WARN_UNGUARDED_AVAILABILITY = YES_AGGRESSIVE;
				CLANG_WARN_UNREACHABLE_CODE = YES;
				CLANG_WARN__DUPLICATE_METHOD_MATCH = YES;
				CODE_SIGN_IDENTITY = "iPhone Developer";
				COPY_PHASE_STRIP = NO;
				DEBUG_INFORMATION_FORMAT = "dwarf-with-dsym";
				ENABLE_NS_ASSERTIONS = NO;
				ENABLE_STRICT_OBJC_MSGSEND = YES;
				GCC_C_LANGUAGE_STANDARD = gnu11;
				GCC_NO_COMMON_BLOCKS = YES;
				GCC_WARN_64_TO_32_BIT_CONVERSION = YES;
				GCC_WARN_ABOUT_RETURN_TYPE = YES_ERROR;
				GCC_WARN_UNDECLARED_SELECTOR = YES;
				GCC_WARN_UNINITIALIZED_AUTOS = YES_AGGRESSIVE;
				GCC_WARN_UNUSED_FUNCTION = YES;
				GCC_WARN_UNUSED_VARIABLE = YES;
				IPHONEOS_DEPLOYMENT_TARGET = 12.0;
				MTL_ENABLE_DEBUG_INFO = NO;
				SDKROOT = iphoneos;
				SWIFT_COMPILATION_MODE = wholemodule;
				SWIFT_OPTIMIZATION_LEVEL = "-O";
				VALIDATE_PRODUCT = YES;
			};
			name = Release;
		};
		A83C30302108401B00592AE4 /* Debug */ = {
			isa = XCBuildConfiguration;
			baseConfigurationReference = 4256D4BF58888586DB05482C /* Pods-Networking.debug.xcconfig */;
			buildSettings = {
				ASSETCATALOG_COMPILER_APPICON_NAME = AppIcon;
				CODE_SIGN_STYLE = Automatic;
				DEVELOPMENT_TEAM = MYZ952D9NP;
				INFOPLIST_FILE = Networking/Info.plist;
				LD_RUNPATH_SEARCH_PATHS = (
					"$(inherited)",
					"@executable_path/Frameworks",
				);
				PRODUCT_BUNDLE_IDENTIFIER = snow.Networking;
				PRODUCT_NAME = "$(TARGET_NAME)";
				SWIFT_VERSION = 5.0;
				TARGETED_DEVICE_FAMILY = "1,2";
			};
			name = Debug;
		};
		A83C30312108401B00592AE4 /* Release */ = {
			isa = XCBuildConfiguration;
			baseConfigurationReference = 7A1BC1FF010CC15DA0836AA0 /* Pods-Networking.release.xcconfig */;
			buildSettings = {
				ASSETCATALOG_COMPILER_APPICON_NAME = AppIcon;
				CODE_SIGN_STYLE = Automatic;
				DEVELOPMENT_TEAM = MYZ952D9NP;
				INFOPLIST_FILE = Networking/Info.plist;
				LD_RUNPATH_SEARCH_PATHS = (
					"$(inherited)",
					"@executable_path/Frameworks",
				);
				PRODUCT_BUNDLE_IDENTIFIER = snow.Networking;
				PRODUCT_NAME = "$(TARGET_NAME)";
				SWIFT_VERSION = 5.0;
				TARGETED_DEVICE_FAMILY = "1,2";
			};
			name = Release;
		};
/* End XCBuildConfiguration section */

/* Begin XCConfigurationList section */
		A83C30182108401A00592AE4 /* Build configuration list for PBXProject "Networking" */ = {
			isa = XCConfigurationList;
			buildConfigurations = (
				A83C302D2108401B00592AE4 /* Debug */,
				A83C302E2108401B00592AE4 /* Release */,
			);
			defaultConfigurationIsVisible = 0;
			defaultConfigurationName = Release;
		};
		A83C302F2108401B00592AE4 /* Build configuration list for PBXNativeTarget "Networking" */ = {
			isa = XCConfigurationList;
			buildConfigurations = (
				A83C30302108401B00592AE4 /* Debug */,
				A83C30312108401B00592AE4 /* Release */,
			);
			defaultConfigurationIsVisible = 0;
			defaultConfigurationName = Release;
		};
/* End XCConfigurationList section */
	};
	rootObject = A83C30152108401A00592AE4 /* Project object */;
}
